PODS:
  - DocuSign (2.10.1)
  - IQKeyboardManagerSwift (6.5.9)

DEPENDENCIES:
  - DocuSign
  - IQKeyboardManagerSwift

SPEC REPOS:
  trunk:
    - DocuSign
    - IQKeyboardManagerSwift

SPEC CHECKSUMS:
  DocuSign: 50d1eaf65a5f522b84f873d89a15d5c3d80d3468
  IQKeyboardManagerSwift: 6e839c575c4aa1078d58a596e41244e77abe918f

PODFILE CHECKSUM: 197966dd441c4b0c6857b09a601a4c5912e1448b

COCOAPODS: 1.10.1
